
Microsoft Visual Studio Solution File, Format Version 12.00
# Visual Studio Version 16
VisualStudioVersion = 16.0.30011.22
MinimumVisualStudioVersion = 10.0.40219.1
Project("{FAE04EC0-301F-11D3-BF4B-00C04F79EFBC}") = "nova.nigy.4j.giocodicarte", "nova.nigy.4j.giocodicarte\nova.nigy.4j.giocodicarte.csproj", "{CC76E489-F704-459C-89D1-88103DEBE874}"
EndProject
Global
	GlobalSection(SolutionConfigurationPlatforms) = preSolution
		Debug|Any CPU = Debug|Any CPU
		Release|Any CPU = Release|Any CPU
	EndGlobalSection
	GlobalSection(ProjectConfigurationPlatforms) = postSolution
		{CC76E489-F704-459C-89D1-88103DEBE874}.Debug|Any CPU.ActiveCfg = Debug|Any CPU
		{CC76E489-F704-459C-89D1-88103DEBE874}.Debug|Any CPU.Build.0 = Debug|Any CPU
		{CC76E489-F704-459C-89D1-88103DEBE874}.Release|Any CPU.ActiveCfg = Release|Any CPU
		{CC76E489-F704-459C-89D1-88103DEBE874}.Release|Any CPU.Build.0 = Release|Any CPU
	EndGlobalSection
	GlobalSection(SolutionProperties) = preSolution
		HideSolutionNode = FALSE
	EndGlobalSection
	GlobalSection(ExtensibilityGlobals) = postSolution
		SolutionGuid = {A21DE4C1-6ACC-4BFC-9186-4525CD0BC5B3}
	EndGlobalSection
EndGlobal
